{
  "name": "systemjs-typescript-minimal",
  "version": "0.0.1",
  "lockfileVersion": 1,
  "requires": true,
  "dependencies": {
    "@types/whatwg-fetch": {
      "version": "0.0.33",
      "resolved": "https://registry.npmjs.org/@types/whatwg-fetch/-/whatwg-fetch-0.0.33.tgz",
      "integrity": "sha1-GcDShjyMsjgPIaHHNrecv3iVuxM=",
      "requires": {
        "@types/whatwg-streams": "0.0.4"
      }
    },
    "@types/whatwg-streams": {
      "version": "0.0.4",
      "resolved": "https://registry.npmjs.org/@types/whatwg-streams/-/whatwg-streams-0.0.4.tgz",
      "integrity": "sha512-dM5YQytWb1EunntizWnsAsADJxbXhHQyPoRxXlfEMPULcnbgzB02qZ8KI/K5yFItulzoidxWbX4OO/w4FN92Sg=="
    },
    "plugin-typescript": {
      "version": "7.1.0",
      "resolved": "https://registry.npmjs.org/plugin-typescript/-/plugin-typescript-7.1.0.tgz",
      "integrity": "sha1-XZLTrmACFJaUja0fko1KOvCYxnU="
    },
    "systemjs": {
      "version": "0.20.19",
      "resolved": "https://registry.npmjs.org/systemjs/-/systemjs-0.20.19.tgz",
      "integrity": "sha512-H/rKwNEEyej/+IhkmFNmKFyJul8tbH/muiPq5TyNoVTwsGhUjRsN3NlFnFQUvFXA3+GQmsXkCNXU6QKPl779aw=="
    },
    "typescript": {
      "version": "2.5.3",
      "resolved": "https://registry.npmjs.org/typescript/-/typescript-2.5.3.tgz",
      "integrity": "sha512-ptLSQs2S4QuS6/OD1eAKG+S5G8QQtrU5RT32JULdZQtM1L3WTi34Wsu48Yndzi8xsObRAB9RPt/KhA9wlpEF6w=="
    }
  }
}
